
Microsoft Visual Studio Solution File, Format Version 12.00
# Visual Studio Version 17
VisualStudioVersion = 17.3.32929.385
MinimumVisualStudioVersion = 10.0.40219.1
Project("{FAE04EC0-301F-11D3-BF4B-00C04F79EFBC}") = "CalculateVatAPI", "CalculateVatAPI\CalculateVatAPI.csproj", "{DA34771B-2C99-43E1-93F2-01D1F5AE1846}"
EndProject
Global
	GlobalSection(SolutionConfigurationPlatforms) = preSolution
		Debug|Any CPU = Debug|Any CPU
		Release|Any CPU = Release|Any CPU
	EndGlobalSection
	GlobalSection(ProjectConfigurationPlatforms) = postSolution
		{DA34771B-2C99-43E1-93F2-01D1F5AE1846}.Debug|Any CPU.ActiveCfg = Debug|Any CPU
		{DA34771B-2C99-43E1-93F2-01D1F5AE1846}.Debug|Any CPU.Build.0 = Debug|Any CPU
		{DA34771B-2C99-43E1-93F2-01D1F5AE1846}.Release|Any CPU.ActiveCfg = Release|Any CPU
		{DA34771B-2C99-43E1-93F2-01D1F5AE1846}.Release|Any CPU.Build.0 = Release|Any CPU
	EndGlobalSection
	GlobalSection(SolutionProperties) = preSolution
		HideSolutionNode = FALSE
	EndGlobalSection
	GlobalSection(ExtensibilityGlobals) = postSolution
		SolutionGuid = {1683C126-FD2C-436B-812A-EE471454AFA3}
	EndGlobalSection
EndGlobal
